
Microsoft Visual Studio Solution File, Format Version 12.00
# Visual Studio 15
VisualStudioVersion = 15.0.26730.0
MinimumVisualStudioVersion = 10.0.40219.1
Project("{9A19103F-16F7-4668-BE54-9A1E7A4F7556}") = "SpatialEnrichmnet", "SpatialEnrichmnet\SpatialEnrichmnet.csproj", "{3E96E09F-B437-4509-99C7-CD481541B2EC}"
EndProject
Project("{FAE04EC0-301F-11D3-BF4B-00C04F79EFBC}") = "SpatialEnrichmentWrapper", "..\..\SpatialEnrichmentWrapper\SpatialEnrichmentWrapper.csproj", "{BAC53B11-AD64-4BF4-9DAF-AFA7F7FB70CE}"
EndProject
Project("{9A19103F-16F7-4668-BE54-9A1E7A4F7556}") = "SpatialEnrichmentFunc", "SpatialEnrichmentFunc\SpatialEnrichmentFunc.csproj", "{8B45FF43-4510-4CF9-B562-DE19E195475C}"
EndProject
Project("{9A19103F-16F7-4668-BE54-9A1E7A4F7556}") = "AzureDbQueryFunc", "..\..\AzureFuncDatabaseQuery\AzureDatabaseQueryFunc\AzureDatabaseQueryFunc\AzureDbQueryFunc.csproj", "{BE773D67-9C3D-4B5C-9E8A-8F4AEA0074E0}"
EndProject
Global
	GlobalSection(SolutionConfigurationPlatforms) = preSolution
		Debug|Any CPU = Debug|Any CPU
		Release|Any CPU = Release|Any CPU
	EndGlobalSection
	GlobalSection(ProjectConfigurationPlatforms) = postSolution
		{3E96E09F-B437-4509-99C7-CD481541B2EC}.Debug|Any CPU.ActiveCfg = Debug|Any CPU
		{3E96E09F-B437-4509-99C7-CD481541B2EC}.Debug|Any CPU.Build.0 = Debug|Any CPU
		{3E96E09F-B437-4509-99C7-CD481541B2EC}.Release|Any CPU.ActiveCfg = Release|Any CPU
		{3E96E09F-B437-4509-99C7-CD481541B2EC}.Release|Any CPU.Build.0 = Release|Any CPU
		{BAC53B11-AD64-4BF4-9DAF-AFA7F7FB70CE}.Debug|Any CPU.ActiveCfg = Debug|Any CPU
		{BAC53B11-AD64-4BF4-9DAF-AFA7F7FB70CE}.Debug|Any CPU.Build.0 = Debug|Any CPU
		{BAC53B11-AD64-4BF4-9DAF-AFA7F7FB70CE}.Release|Any CPU.ActiveCfg = Release|Any CPU
		{BAC53B11-AD64-4BF4-9DAF-AFA7F7FB70CE}.Release|Any CPU.Build.0 = Release|Any CPU
		{8B45FF43-4510-4CF9-B562-DE19E195475C}.Debug|Any CPU.ActiveCfg = Debug|Any CPU
		{8B45FF43-4510-4CF9-B562-DE19E195475C}.Debug|Any CPU.Build.0 = Debug|Any CPU
		{8B45FF43-4510-4CF9-B562-DE19E195475C}.Release|Any CPU.ActiveCfg = Release|Any CPU
		{8B45FF43-4510-4CF9-B562-DE19E195475C}.Release|Any CPU.Build.0 = Release|Any CPU
		{BE773D67-9C3D-4B5C-9E8A-8F4AEA0074E0}.Debug|Any CPU.ActiveCfg = Debug|Any CPU
		{BE773D67-9C3D-4B5C-9E8A-8F4AEA0074E0}.Debug|Any CPU.Build.0 = Debug|Any CPU
		{BE773D67-9C3D-4B5C-9E8A-8F4AEA0074E0}.Release|Any CPU.ActiveCfg = Release|Any CPU
		{BE773D67-9C3D-4B5C-9E8A-8F4AEA0074E0}.Release|Any CPU.Build.0 = Release|Any CPU
	EndGlobalSection
	GlobalSection(SolutionProperties) = preSolution
		HideSolutionNode = FALSE
	EndGlobalSection
	GlobalSection(ExtensibilityGlobals) = postSolution
		SolutionGuid = {56CFC7DD-B58C-489D-87BA-00BDD5373D49}
	EndGlobalSection
EndGlobal
