
Microsoft Visual Studio Solution File, Format Version 12.00
# Visual Studio 15
VisualStudioVersion = 15.0.26730.12
MinimumVisualStudioVersion = 10.0.40219.1
Project("{FAE04EC0-301F-11D3-BF4B-00C04F79EFBC}") = "mmHG", "mmHG.csproj", "{8259847F-5A17-4970-ABCE-A9A19B22D630}"
EndProject
Global
	GlobalSection(SolutionConfigurationPlatforms) = preSolution
		Debug|Any CPU = Debug|Any CPU
		Release|Any CPU = Release|Any CPU
	EndGlobalSection
	GlobalSection(ProjectConfigurationPlatforms) = postSolution
		{8259847F-5A17-4970-ABCE-A9A19B22D630}.Debug|Any CPU.ActiveCfg = Debug|Any CPU
		{8259847F-5A17-4970-ABCE-A9A19B22D630}.Debug|Any CPU.Build.0 = Debug|Any CPU
		{8259847F-5A17-4970-ABCE-A9A19B22D630}.Release|Any CPU.ActiveCfg = Release|Any CPU
		{8259847F-5A17-4970-ABCE-A9A19B22D630}.Release|Any CPU.Build.0 = Release|Any CPU
	EndGlobalSection
	GlobalSection(SolutionProperties) = preSolution
		HideSolutionNode = FALSE
	EndGlobalSection
	GlobalSection(ExtensibilityGlobals) = postSolution
		SolutionGuid = {A4043916-7F98-4260-9D0F-07E9B359D809}
	EndGlobalSection
EndGlobal
